// !$*UTF8*$!
{
	archiveVersion = 1;
	classes = {
	};
	objectVersion = 46;
	objects = {

/* Begin PBXBuildFile section */
		E59124391CA072ED006134FF /* AppDelegate.swift in Sources */ = {isa = PBXBuildFile; fileRef = E59124381CA072ED006134FF /* AppDelegate.swift */; };
		E591243B1CA072ED006134FF /* ViewController.swift in Sources */ = {isa = PBXBuildFile; fileRef = E591243A1CA072ED006134FF /* ViewController.swift */; };
		E591243E1CA072ED006134FF /* Main.storyboard in Resources */ = {isa = PBXBuildFile; fileRef = E591243C1CA072ED006134FF /* Main.storyboard */; };
		E59124401CA072ED006134FF /* Assets.xcassets in Resources */ = {isa = PBXBuildFile; fileRef = E591243F1CA072ED006134FF /* Assets.xcassets */; };
		E59124431CA072ED006134FF /* LaunchScreen.storyboard in Resources */ = {isa = PBXBuildFile; fileRef = E59124411CA072ED006134FF /* LaunchScreen.storyboard */; };
		E591244E1CA072ED006134FF /* HamburguesasTests.swift in Sources */ = {isa = PBXBuildFile; fileRef = E591244D1CA072ED006134FF /* HamburguesasTests.swift */; };
		E59124591CA072ED006134FF /* HamburguesasUITests.swift in Sources */ = {isa = PBXBuildFile; fileRef = E59124581CA072ED006134FF /* HamburguesasUITests.swift */; };
/* End PBXBuildFile section */

/* Begin PBXContainerItemProxy section */
		E591244A1CA072ED006134FF /* PBXContainerItemProxy */ = {
			isa = PBXContainerItemProxy;
			containerPortal = E591242D1CA072ED006134FF /* Project object */;
			proxyType = 1;
			remoteGlobalIDString = E59124341CA072ED006134FF;
			remoteInfo = Hamburguesas;
		};
		E59124551CA072ED006134FF /* PBXContainerItemProxy */ = {
			isa = PBXContainerItemProxy;
			containerPortal = E591242D1CA072ED006134FF /* Project object */;
			proxyType = 1;
			remoteGlobalIDString = E59124341CA072ED006134FF;
			remoteInfo = Hamburguesas;
		};
/* End PBXContainerItemProxy section */

/* Begin PBXFileReference section */
		E59124351CA072ED006134FF /* Hamburguesas.app */ = {isa = PBXFileReference; explicitFileType = wrapper.application; includeInIndex = 0; path = Hamburguesas.app; sourceTree = BUILT_PRODUCTS_DIR; };
		E59124381CA072ED006134FF /* AppDelegate.swift */ = {isa = PBXFileReference; lastKnownFileType = sourcecode.swift; path = AppDelegate.swift; sourceTree = "<group>"; };
		E591243A1CA072ED006134FF /* ViewController.swift */ = {isa = PBXFileReference; lastKnownFileType = sourcecode.swift; path = ViewController.swift; sourceTree = "<group>"; };
		E591243D1CA072ED006134FF /* Base */ = {isa = PBXFileReference; lastKnownFileType = file.storyboard; name = Base; path = Base.lproj/Main.storyboard; sourceTree = "<group>"; };
		E591243F1CA072ED006134FF /* Assets.xcassets */ = {isa = PBXFileReference; lastKnownFileType = folder.assetcatalog; path = Assets.xcassets; sourceTree = "<group>"; };
		E59124421CA072ED006134FF /* Base */ = {isa = PBXFileReference; lastKnownFileType = file.storyboard; name = Base; path = Base.lproj/LaunchScreen.storyboard; sourceTree = "<group>"; };
		E59124441CA072ED006134FF /* Info.plist */ = {isa = PBXFileReference; lastKnownFileType = text.plist.xml; path = Info.plist; sourceTree = "<group>"; };
		E59124491CA072ED006134FF /* HamburguesasTests.xctest */ = {isa = PBXFileReference; explicitFileType = wrapper.cfbundle; includeInIndex = 0; path = HamburguesasTests.xctest; sourceTree = BUILT_PRODUCTS_DIR; };
		E591244D1CA072ED006134FF /* HamburguesasTests.swift */ = {isa = PBXFileReference; lastKnownFileType = sourcecode.swift; path = HamburguesasTests.swift; sourceTree = "<group>"; };
		E591244F1CA072ED006134FF /* Info.plist */ = {isa = PBXFileReference; lastKnownFileType = text.plist.xml; path = Info.plist; sourceTree = "<group>"; };
		E59124541CA072ED006134FF /* HamburguesasUITests.xctest */ = {isa = PBXFileReference; explicitFileType = wrapper.cfbundle; includeInIndex = 0; path = HamburguesasUITests.xctest; sourceTree = BUILT_PRODUCTS_DIR; };
		E59124581CA072ED006134FF /* HamburguesasUITests.swift */ = {isa = PBXFileReference; lastKnownFileType = sourcecode.swift; path = HamburguesasUITests.swift; sourceTree = "<group>"; };
		E591245A1CA072ED006134FF /* Info.plist */ = {isa = PBXFileReference; lastKnownFileType = text.plist.xml; path = Info.plist; sourceTree = "<group>"; };
/* End PBXFileReference section */

/* Begin PBXFrameworksBuildPhase section */
		E59124321CA072ED006134FF /* Frameworks */ = {
			isa = PBXFrameworksBuildPhase;
			buildActionMask = 2147483647;
			files = (
			);
			runOnlyForDeploymentPostprocessing = 0;
		};
		E59124461CA072ED006134FF /* Frameworks */ = {
			isa = PBXFrameworksBuildPhase;
			buildActionMask = 2147483647;
			files = (
			);
			runOnlyForDeploymentPostprocessing = 0;
		};
		E59124511CA072ED006134FF /* Frameworks */ = {
			isa = PBXFrameworksBuildPhase;
			buildActionMask = 2147483647;
			files = (
			);
			runOnlyForDeploymentPostprocessing = 0;
		};
/* End PBXFrameworksBuildPhase section */

/* Begin PBXGroup section */
		E591242C1CA072ED006134FF = {
			isa = PBXGroup;
			children = (
				E59124371CA072ED006134FF /* Hamburguesas */,
				E591244C1CA072ED006134FF /* HamburguesasTests */,
				E59124571CA072ED006134FF /* HamburguesasUITests */,
				E59124361CA072ED006134FF /* Products */,
			);
			sourceTree = "<group>";
		};
		E59124361CA072ED006134FF /* Products */ = {
			isa = PBXGroup;
			children = (
				E59124351CA072ED006134FF /* Hamburguesas.app */,
				E59124491CA072ED006134FF /* HamburguesasTests.xctest */,
				E59124541CA072ED006134FF /* HamburguesasUITests.xctest */,
			);
			name = Products;
			sourceTree = "<group>";
		};
		E59124371CA072ED006134FF /* Hamburguesas */ = {
			isa = PBXGroup;
			children = (
				E59124381CA072ED006134FF /* AppDelegate.swift */,
				E591243A1CA072ED006134FF /* ViewController.swift */,
				E591243C1CA072ED006134FF /* Main.storyboard */,
				E591243F1CA072ED006134FF /* Assets.xcassets */,
				E59124411CA072ED006134FF /* LaunchScreen.storyboard */,
				E59124441CA072ED006134FF /* Info.plist */,
			);
			path = Hamburguesas;
			sourceTree = "<group>";
		};
		E591244C1CA072ED006134FF /* HamburguesasTests */ = {
			isa = PBXGroup;
			children = (
				E591244D1CA072ED006134FF /* HamburguesasTests.swift */,
				E591244F1CA072ED006134FF /* Info.plist */,
			);
			path = HamburguesasTests;
			sourceTree = "<group>";
		};
		E59124571CA072ED006134FF /* HamburguesasUITests */ = {
			isa = PBXGroup;
			children = (
				E59124581CA072ED006134FF /* HamburguesasUITests.swift */,
				E591245A1CA072ED006134FF /* Info.plist */,
			);
			path = HamburguesasUITests;
			sourceTree = "<group>";
		};
/* End PBXGroup section */

/* Begin PBXNativeTarget section */
		E59124341CA072ED006134FF /* Hamburguesas */ = {
			isa = PBXNativeTarget;
			buildConfigurationList = E591245D1CA072ED006134FF /* Build configuration list for PBXNativeTarget "Hamburguesas" */;
			buildPhases = (
				E59124311CA072ED006134FF /* Sources */,
				E59124321CA072ED006134FF /* Frameworks */,
				E59124331CA072ED006134FF /* Resources */,
			);
			buildRules = (
			);
			dependencies = (
			);
			name = Hamburguesas;
			productName = Hamburguesas;
			productReference = E59124351CA072ED006134FF /* Hamburguesas.app */;
			productType = "com.apple.product-type.application";
		};
		E59124481CA072ED006134FF /* HamburguesasTests */ = {
			isa = PBXNativeTarget;
			buildConfigurationList = E59124601CA072ED006134FF /* Build configuration list for PBXNativeTarget "HamburguesasTests" */;
			buildPhases = (
				E59124451CA072ED006134FF /* Sources */,
				E59124461CA072ED006134FF /* Frameworks */,
				E59124471CA072ED006134FF /* Resources */,
			);
			buildRules = (
			);
			dependencies = (
				E591244B1CA072ED006134FF /* PBXTargetDependency */,
			);
			name = HamburguesasTests;
			productName = HamburguesasTests;
			productReference = E59124491CA072ED006134FF /* HamburguesasTests.xctest */;
			productType = "com.apple.product-type.bundle.unit-test";
		};
		E59124531CA072ED006134FF /* HamburguesasUITests */ = {
			isa = PBXNativeTarget;
			buildConfigurationList = E59124631CA072ED006134FF /* Build configuration list for PBXNativeTarget "HamburguesasUITests" */;
			buildPhases = (
				E59124501CA072ED006134FF /* Sources */,
				E59124511CA072ED006134FF /* Frameworks */,
				E59124521CA072ED006134FF /* Resources */,
			);
			buildRules = (
			);
			dependencies = (
				E59124561CA072ED006134FF /* PBXTargetDependency */,
			);
			name = HamburguesasUITests;
			productName = HamburguesasUITests;
			productReference = E59124541CA072ED006134FF /* HamburguesasUITests.xctest */;
			productType = "com.apple.product-type.bundle.ui-testing";
		};
/* End PBXNativeTarget section */

/* Begin PBXProject section */
		E591242D1CA072ED006134FF /* Project object */ = {
			isa = PBXProject;
			attributes = {
				LastSwiftUpdateCheck = 0720;
				LastUpgradeCheck = 0720;
				ORGANIZATIONNAME = JoseOrlandoVargasSanchez;
				TargetAttributes = {
					E59124341CA072ED006134FF = {
						CreatedOnToolsVersion = 7.2.1;
						DevelopmentTeam = BM2VRB38L8;
					};
					E59124481CA072ED006134FF = {
						CreatedOnToolsVersion = 7.2.1;
						DevelopmentTeam = BM2VRB38L8;
						TestTargetID = E59124341CA072ED006134FF;
					};
					E59124531CA072ED006134FF = {
						CreatedOnToolsVersion = 7.2.1;
						DevelopmentTeam = BM2VRB38L8;
						TestTargetID = E59124341CA072ED006134FF;
					};
				};
			};
			buildConfigurationList = E59124301CA072ED006134FF /* Build configuration list for PBXProject "Hamburguesas" */;
			compatibilityVersion = "Xcode 3.2";
			developmentRegion = English;
			hasScannedForEncodings = 0;
			knownRegions = (
				en,
				Base,
			);
			mainGroup = E591242C1CA072ED006134FF;
			productRefGroup = E59124361CA072ED006134FF /* Products */;
			projectDirPath = "";
			projectRoot = "";
			targets = (
				E59124341CA072ED006134FF /* Hamburguesas */,
				E59124481CA072ED006134FF /* HamburguesasTests */,
				E59124531CA072ED006134FF /* HamburguesasUITests */,
			);
		};
/* End PBXProject section */

/* Begin PBXResourcesBuildPhase section */
		E59124331CA072ED006134FF /* Resources */ = {
			isa = PBXResourcesBuildPhase;
			buildActionMask = 2147483647;
			files = (
				E59124431CA072ED006134FF /* LaunchScreen.storyboard in Resources */,
				E59124401CA072ED006134FF /* Assets.xcassets in Resources */,
				E591243E1CA072ED006134FF /* Main.storyboard in Resources */,
			);
			runOnlyForDeploymentPostprocessing = 0;
		};
		E59124471CA072ED006134FF /* Resources */ = {
			isa = PBXResourcesBuildPhase;
			buildActionMask = 2147483647;
			files = (
			);
			runOnlyForDeploymentPostprocessing = 0;
		};
		E59124521CA072ED006134FF /* Resources */ = {
			isa = PBXResourcesBuildPhase;
			buildActionMask = 2147483647;
			files = (
			);
			runOnlyForDeploymentPostprocessing = 0;
		};
/* End PBXResourcesBuildPhase section */

/* Begin PBXSourcesBuildPhase section */
		E59124311CA072ED006134FF /* Sources */ = {
			isa = PBXSourcesBuildPhase;
			buildActionMask = 2147483647;
			files = (
				E591243B1CA072ED006134FF /* ViewController.swift in Sources */,
				E59124391CA072ED006134FF /* AppDelegate.swift in Sources */,
			);
			runOnlyForDeploymentPostprocessing = 0;
		};
		E59124451CA072ED006134FF /* Sources */ = {
			isa = PBXSourcesBuildPhase;
			buildActionMask = 2147483647;
			files = (
				E591244E1CA072ED006134FF /* HamburguesasTests.swift in Sources */,
			);
			runOnlyForDeploymentPostprocessing = 0;
		};
		E59124501CA072ED006134FF /* Sources */ = {
			isa = PBXSourcesBuildPhase;
			buildActionMask = 2147483647;
			files = (
				E59124591CA072ED006134FF /* HamburguesasUITests.swift in Sources */,
			);
			runOnlyForDeploymentPostprocessing = 0;
		};
/* End PBXSourcesBuildPhase section */

/* Begin PBXTargetDependency section */
		E591244B1CA072ED006134FF /* PBXTargetDependency */ = {
			isa = PBXTargetDependency;
			target = E59124341CA072ED006134FF /* Hamburguesas */;
			targetProxy = E591244A1CA072ED006134FF /* PBXContainerItemProxy */;
		};
		E59124561CA072ED006134FF /* PBXTargetDependency */ = {
			isa = PBXTargetDependency;
			target = E59124341CA072ED006134FF /* Hamburguesas */;
			targetProxy = E59124551CA072ED006134FF /* PBXContainerItemProxy */;
		};
/* End PBXTargetDependency section */

/* Begin PBXVariantGroup section */
		E591243C1CA072ED006134FF /* Main.storyboard */ = {
			isa = PBXVariantGroup;
			children = (
				E591243D1CA072ED006134FF /* Base */,
			);
			name = Main.storyboard;
			sourceTree = "<group>";
		};
		E59124411CA072ED006134FF /* LaunchScreen.storyboard */ = {
			isa = PBXVariantGroup;
			children = (
				E59124421CA072ED006134FF /* Base */,
			);
			name = LaunchScreen.storyboard;
			sourceTree = "<group>";
		};
/* End PBXVariantGroup section */

/* Begin XCBuildConfiguration section */
		E591245B1CA072ED006134FF /* Debug */ = {
			isa = XCBuildConfiguration;
			buildSettings = {
				ALWAYS_SEARCH_USER_PATHS = NO;
				CLANG_CXX_LANGUAGE_STANDARD = "gnu++0x";
				CLANG_CXX_LIBRARY = "libc++";
				CLANG_ENABLE_MODULES = YES;
				CLANG_ENABLE_OBJC_ARC = YES;
				CLANG_WARN_BOOL_CONVERSION = YES;
				CLANG_WARN_CONSTANT_CONVERSION = YES;
				CLANG_WARN_DIRECT_OBJC_ISA_USAGE = YES_ERROR;
				CLANG_WARN_EMPTY_BODY = YES;
				CLANG_WARN_ENUM_CONVERSION = YES;
				CLANG_WARN_INT_CONVERSION = YES;
				CLANG_WARN_OBJC_ROOT_CLASS = YES_ERROR;
				CLANG_WARN_UNREACHABLE_CODE = YES;
				CLANG_WARN__DUPLICATE_METHOD_MATCH = YES;
				"CODE_SIGN_IDENTITY[sdk=iphoneos*]" = "iPhone Developer";
				COPY_PHASE_STRIP = NO;
				DEBUG_INFORMATION_FORMAT = dwarf;
				ENABLE_STRICT_OBJC_MSGSEND = YES;
				ENABLE_TESTABILITY = YES;
				GCC_C_LANGUAGE_STANDARD = gnu99;
				GCC_DYNAMIC_NO_PIC = NO;
				GCC_NO_COMMON_BLOCKS = YES;
				GCC_OPTIMIZATION_LEVEL = 0;
				GCC_PREPROCESSOR_DEFINITIONS = (
					"DEBUG=1",
					"$(inherited)",
				);
				GCC_WARN_64_TO_32_BIT_CONVERSION = YES;
				GCC_WARN_ABOUT_RETURN_TYPE = YES_ERROR;
				GCC_WARN_UNDECLARED_SELECTOR = YES;
				GCC_WARN_UNINITIALIZED_AUTOS = YES_AGGRESSIVE;
				GCC_WARN_UNUSED_FUNCTION = YES;
				GCC_WARN_UNUSED_VARIABLE = YES;
				IPHONEOS_DEPLOYMENT_TARGET = 9.2;
				MTL_ENABLE_DEBUG_INFO = YES;
				ONLY_ACTIVE_ARCH = YES;
				SDKROOT = iphoneos;
				SWIFT_OPTIMIZATION_LEVEL = "-Onone";
			};
			name = Debug;
		};
		E591245C1CA072ED006134FF /* Release */ = {
			isa = XCBuildConfiguration;
			buildSettings = {
				ALWAYS_SEARCH_USER_PATHS = NO;
				CLANG_CXX_LANGUAGE_STANDARD = "gnu++0x";
				CLANG_CXX_LIBRARY = "libc++";
				CLANG_ENABLE_MODULES = YES;
				CLANG_ENABLE_OBJC_ARC = YES;
				CLANG_WARN_BOOL_CONVERSION = YES;
				CLANG_WARN_CONSTANT_CONVERSION = YES;
				CLANG_WARN_DIRECT_OBJC_ISA_USAGE = YES_ERROR;
				CLANG_WARN_EMPTY_BODY = YES;
				CLANG_WARN_ENUM_CONVERSION = YES;
				CLANG_WARN_INT_CONVERSION = YES;
				CLANG_WARN_OBJC_ROOT_CLASS = YES_ERROR;
				CLANG_WARN_UNREACHABLE_CODE = YES;
				CLANG_WARN__DUPLICATE_METHOD_MATCH = YES;
				"CODE_SIGN_IDENTITY[sdk=iphoneos*]" = "iPhone Developer";
				COPY_PHASE_STRIP = NO;
				DEBUG_INFORMATION_FORMAT = "dwarf-with-dsym";
				ENABLE_NS_ASSERTIONS = NO;
				ENABLE_STRICT_OBJC_MSGSEND = YES;
				GCC_C_LANGUAGE_STANDARD = gnu99;
				GCC_NO_COMMON_BLOCKS = YES;
				GCC_WARN_64_TO_32_BIT_CONVERSION = YES;
				GCC_WARN_ABOUT_RETURN_TYPE = YES_ERROR;
				GCC_WARN_UNDECLARED_SELECTOR = YES;
				GCC_WARN_UNINITIALIZED_AUTOS = YES_AGGRESSIVE;
				GCC_WARN_UNUSED_FUNCTION = YES;
				GCC_WARN_UNUSED_VARIABLE = YES;
				IPHONEOS_DEPLOYMENT_TARGET = 9.2;
				MTL_ENABLE_DEBUG_INFO = NO;
				SDKROOT = iphoneos;
				VALIDATE_PRODUCT = YES;
			};
			name = Release;
		};
		E591245E1CA072ED006134FF /* Debug */ = {
			isa = XCBuildConfiguration;
			buildSettings = {
				ASSETCATALOG_COMPILER_APPICON_NAME = AppIcon;
				INFOPLIST_FILE = Hamburguesas/Info.plist;
				LD_RUNPATH_SEARCH_PATHS = "$(inherited) @executable_path/Frameworks";
				PRODUCT_BUNDLE_IDENTIFIER = com.jovsCorp.Hamburguesas;
				PRODUCT_NAME = "$(TARGET_NAME)";
			};
			name = Debug;
		};
		E591245F1CA072ED006134FF /* Release */ = {
			isa = XCBuildConfiguration;
			buildSettings = {
				ASSETCATALOG_COMPILER_APPICON_NAME = AppIcon;
				INFOPLIST_FILE = Hamburguesas/Info.plist;
				LD_RUNPATH_SEARCH_PATHS = "$(inherited) @executable_path/Frameworks";
				PRODUCT_BUNDLE_IDENTIFIER = com.jovsCorp.Hamburguesas;
				PRODUCT_NAME = "$(TARGET_NAME)";
			};
			name = Release;
		};
		E59124611CA072ED006134FF /* Debug */ = {
			isa = XCBuildConfiguration;
			buildSettings = {
				BUNDLE_LOADER = "$(TEST_HOST)";
				INFOPLIST_FILE = HamburguesasTests/Info.plist;
				LD_RUNPATH_SEARCH_PATHS = "$(inherited) @executable_path/Frameworks @loader_path/Frameworks";
				PRODUCT_BUNDLE_IDENTIFIER = com.jovsCorp.HamburguesasTests;
				PRODUCT_NAME = "$(TARGET_NAME)";
				TEST_HOST = "$(BUILT_PRODUCTS_DIR)/Hamburguesas.app/Hamburguesas";
			};
			name = Debug;
		};
		E59124621CA072ED006134FF /* Release */ = {
			isa = XCBuildConfiguration;
			buildSettings = {
				BUNDLE_LOADER = "$(TEST_HOST)";
				INFOPLIST_FILE = HamburguesasTests/Info.plist;
				LD_RUNPATH_SEARCH_PATHS = "$(inherited) @executable_path/Frameworks @loader_path/Frameworks";
				PRODUCT_BUNDLE_IDENTIFIER = com.jovsCorp.HamburguesasTests;
				PRODUCT_NAME = "$(TARGET_NAME)";
				TEST_HOST = "$(BUILT_PRODUCTS_DIR)/Hamburguesas.app/Hamburguesas";
			};
			name = Release;
		};
		E59124641CA072ED006134FF /* Debug */ = {
			isa = XCBuildConfiguration;
			buildSettings = {
				INFOPLIST_FILE = HamburguesasUITests/Info.plist;
				LD_RUNPATH_SEARCH_PATHS = "$(inherited) @executable_path/Frameworks @loader_path/Frameworks";
				PRODUCT_BUNDLE_IDENTIFIER = com.jovsCorp.HamburguesasUITests;
				PRODUCT_NAME = "$(TARGET_NAME)";
				TEST_TARGET_NAME = Hamburguesas;
				USES_XCTRUNNER = YES;
			};
			name = Debug;
		};
		E59124651CA072ED006134FF /* Release */ = {
			isa = XCBuildConfiguration;
			buildSettings = {
				INFOPLIST_FILE = HamburguesasUITests/Info.plist;
				LD_RUNPATH_SEARCH_PATHS = "$(inherited) @executable_path/Frameworks @loader_path/Frameworks";
				PRODUCT_BUNDLE_IDENTIFIER = com.jovsCorp.HamburguesasUITests;
				PRODUCT_NAME = "$(TARGET_NAME)";
				TEST_TARGET_NAME = Hamburguesas;
				USES_XCTRUNNER = YES;
			};
			name = Release;
		};
/* End XCBuildConfiguration section */

/* Begin XCConfigurationList section */
		E59124301CA072ED006134FF /* Build configuration list for PBXProject "Hamburguesas" */ = {
			isa = XCConfigurationList;
			buildConfigurations = (
				E591245B1CA072ED006134FF /* Debug */,
				E591245C1CA072ED006134FF /* Release */,
			);
			defaultConfigurationIsVisible = 0;
			defaultConfigurationName = Release;
		};
		E591245D1CA072ED006134FF /* Build configuration list for PBXNativeTarget "Hamburguesas" */ = {
			isa = XCConfigurationList;
			buildConfigurations = (
				E591245E1CA072ED006134FF /* Debug */,
				E591245F1CA072ED006134FF /* Release */,
			);
			defaultConfigurationIsVisible = 0;
		};
		E59124601CA072ED006134FF /* Build configuration list for PBXNativeTarget "HamburguesasTests" */ = {
			isa = XCConfigurationList;
			buildConfigurations = (
				E59124611CA072ED006134FF /* Debug */,
				E59124621CA072ED006134FF /* Release */,
			);
			defaultConfigurationIsVisible = 0;
		};
		E59124631CA072ED006134FF /* Build configuration list for PBXNativeTarget "HamburguesasUITests" */ = {
			isa = XCConfigurationList;
			buildConfigurations = (
				E59124641CA072ED006134FF /* Debug */,
				E59124651CA072ED006134FF /* Release */,
			);
			defaultConfigurationIsVisible = 0;
		};
/* End XCConfigurationList section */
	};
	rootObject = E591242D1CA072ED006134FF /* Project object */;
}
